
Microsoft Visual Studio Solution File, Format Version 12.00
# Visual Studio 14
VisualStudioVersion = 14.0.24720.0
MinimumVisualStudioVersion = 10.0.40219.1
Project("{FAE04EC0-301F-11D3-BF4B-00C04F79EFBC}") = "CatchMe.WebUI", "CatchMe.WebUI\CatchMe.WebUI.csproj", "{4FCFE6BE-EA8C-485D-B759-B5E514E06BD0}"
EndProject
Project("{FAE04EC0-301F-11D3-BF4B-00C04F79EFBC}") = "CatchMe.Repositories", "CatchMe.Repositories\CatchMe.Repositories.csproj", "{C5C2BCE8-D497-407E-A728-D43E51EBA72C}"
EndProject
Project("{FAE04EC0-301F-11D3-BF4B-00C04F79EFBC}") = "CatchMe.WebUI.Tests", "CatchMe.WebUI.Tests\CatchMe.WebUI.Tests.csproj", "{1043FA86-3289-4256-A59C-612D220938AE}"
EndProject
Project("{FAE04EC0-301F-11D3-BF4B-00C04F79EFBC}") = "CatchMe.Domain", "CatchMe.Domain\CatchMe.Domain.csproj", "{A3B4810A-F8E2-4708-9545-2EFEB9F9D9E8}"
EndProject
Project("{FAE04EC0-301F-11D3-BF4B-00C04F79EFBC}") = "CatchMe.Infrastructure", "CatchMe.Infrastructure\CatchMe.Infrastructure.csproj", "{542F64A3-D5E7-443C-8D13-02238C1595EA}"
EndProject
Project("{FAE04EC0-301F-11D3-BF4B-00C04F79EFBC}") = "CatchMe.MapService", "CatchMe.MapService\CatchMe.MapService.csproj", "{A881DBF7-18E1-426C-A645-1E713384A37F}"
EndProject
Project("{FAE04EC0-301F-11D3-BF4B-00C04F79EFBC}") = "CatchMe.MapService.GoogleMapService", "CatchMe.MapService.GoogleMapService\CatchMe.MapService.GoogleMapService.csproj", "{D943FDB5-6D1B-45C3-AC68-757EBA4BAA80}"
EndProject
Project("{FAE04EC0-301F-11D3-BF4B-00C04F79EFBC}") = "CatchMe.SecurityService", "CatchMe.AuthorizationService\CatchMe.SecurityService.csproj", "{03BAC9CD-B30A-469B-AC7B-DB5A6D85A607}"
EndProject
Project("{FAE04EC0-301F-11D3-BF4B-00C04F79EFBC}") = "CatchMe.Security", "CatchMe.Security\CatchMe.Security.csproj", "{36D8747A-F529-4217-ADBD-4B8D8EFD85D6}"
EndProject
Project("{00D1A9C2-B5F0-4AF3-8072-F6C62B433612}") = "CatchMe.DataBase", "CatchMe.DataBase\CatchMe.DataBase.sqlproj", "{0D666B56-4AC4-452A-9A8B-35D74C905068}"
EndProject
Project("{2150E333-8FDC-42A3-9474-1A3956D46DE8}") = "00_Infrastructure", "00_Infrastructure", "{2A074FFA-F6B3-4712-AFBA-65B0FEC35393}"
EndProject
Project("{2150E333-8FDC-42A3-9474-1A3956D46DE8}") = "01_DataBase", "01_DataBase", "{D1E2F958-470F-48B7-B5F7-C5AC0362DAB4}"
EndProject
Project("{2150E333-8FDC-42A3-9474-1A3956D46DE8}") = "02_DAL", "02_DAL", "{1F29DE26-B867-479C-872C-CCA844E41FE3}"
EndProject
Project("{2150E333-8FDC-42A3-9474-1A3956D46DE8}") = "03_BL", "03_BL", "{60A9ADF4-CF2A-4F8C-A6F7-6ECBF2B7EA79}"
EndProject
Project("{2150E333-8FDC-42A3-9474-1A3956D46DE8}") = "05_PL", "05_PL", "{509D19DE-877F-45D0-B2DB-FF19FD713B71}"
EndProject
Project("{2150E333-8FDC-42A3-9474-1A3956D46DE8}") = "04_Tests", "04_Tests", "{1EF93BD7-6E88-4481-A9C4-D92D29C0A9B3}"
EndProject
Project("{FAE04EC0-301F-11D3-BF4B-00C04F79EFBC}") = "CatchMe.Repositories.Sql", "CatchMe.Repositories.Sql\CatchMe.Repositories.Sql.csproj", "{97FEC5B4-B30E-4DED-A76F-8466345C2568}"
EndProject
Project("{FAE04EC0-301F-11D3-BF4B-00C04F79EFBC}") = "CatchMe.Repositories.Static", "CatchMe.Repositories.Static\CatchMe.Repositories.Static.csproj", "{B3A950A2-51D4-44AD-AD91-67996815888F}"
EndProject
Project("{FAE04EC0-301F-11D3-BF4B-00C04F79EFBC}") = "CatchMe.Repositories.EF", "CatchMe.Repositories.EF\CatchMe.Repositories.EF.csproj", "{292838CA-2127-40A5-9737-F9E453EFEC59}"
EndProject
Global
	GlobalSection(SolutionConfigurationPlatforms) = preSolution
		Debug|Any CPU = Debug|Any CPU
		Release|Any CPU = Release|Any CPU
	EndGlobalSection
	GlobalSection(ProjectConfigurationPlatforms) = postSolution
		{4FCFE6BE-EA8C-485D-B759-B5E514E06BD0}.Debug|Any CPU.ActiveCfg = Debug|Any CPU
		{4FCFE6BE-EA8C-485D-B759-B5E514E06BD0}.Debug|Any CPU.Build.0 = Debug|Any CPU
		{4FCFE6BE-EA8C-485D-B759-B5E514E06BD0}.Release|Any CPU.ActiveCfg = Release|Any CPU
		{4FCFE6BE-EA8C-485D-B759-B5E514E06BD0}.Release|Any CPU.Build.0 = Release|Any CPU
		{C5C2BCE8-D497-407E-A728-D43E51EBA72C}.Debug|Any CPU.ActiveCfg = Debug|Any CPU
		{C5C2BCE8-D497-407E-A728-D43E51EBA72C}.Debug|Any CPU.Build.0 = Debug|Any CPU
		{C5C2BCE8-D497-407E-A728-D43E51EBA72C}.Release|Any CPU.ActiveCfg = Release|Any CPU
		{C5C2BCE8-D497-407E-A728-D43E51EBA72C}.Release|Any CPU.Build.0 = Release|Any CPU
		{1043FA86-3289-4256-A59C-612D220938AE}.Debug|Any CPU.ActiveCfg = Debug|Any CPU
		{1043FA86-3289-4256-A59C-612D220938AE}.Debug|Any CPU.Build.0 = Debug|Any CPU
		{1043FA86-3289-4256-A59C-612D220938AE}.Release|Any CPU.ActiveCfg = Release|Any CPU
		{1043FA86-3289-4256-A59C-612D220938AE}.Release|Any CPU.Build.0 = Release|Any CPU
		{A3B4810A-F8E2-4708-9545-2EFEB9F9D9E8}.Debug|Any CPU.ActiveCfg = Debug|Any CPU
		{A3B4810A-F8E2-4708-9545-2EFEB9F9D9E8}.Debug|Any CPU.Build.0 = Debug|Any CPU
		{A3B4810A-F8E2-4708-9545-2EFEB9F9D9E8}.Release|Any CPU.ActiveCfg = Release|Any CPU
		{A3B4810A-F8E2-4708-9545-2EFEB9F9D9E8}.Release|Any CPU.Build.0 = Release|Any CPU
		{542F64A3-D5E7-443C-8D13-02238C1595EA}.Debug|Any CPU.ActiveCfg = Debug|Any CPU
		{542F64A3-D5E7-443C-8D13-02238C1595EA}.Debug|Any CPU.Build.0 = Debug|Any CPU
		{542F64A3-D5E7-443C-8D13-02238C1595EA}.Release|Any CPU.ActiveCfg = Release|Any CPU
		{542F64A3-D5E7-443C-8D13-02238C1595EA}.Release|Any CPU.Build.0 = Release|Any CPU
		{A881DBF7-18E1-426C-A645-1E713384A37F}.Debug|Any CPU.ActiveCfg = Debug|Any CPU
		{A881DBF7-18E1-426C-A645-1E713384A37F}.Debug|Any CPU.Build.0 = Debug|Any CPU
		{A881DBF7-18E1-426C-A645-1E713384A37F}.Release|Any CPU.ActiveCfg = Release|Any CPU
		{A881DBF7-18E1-426C-A645-1E713384A37F}.Release|Any CPU.Build.0 = Release|Any CPU
		{D943FDB5-6D1B-45C3-AC68-757EBA4BAA80}.Debug|Any CPU.ActiveCfg = Debug|Any CPU
		{D943FDB5-6D1B-45C3-AC68-757EBA4BAA80}.Debug|Any CPU.Build.0 = Debug|Any CPU
		{D943FDB5-6D1B-45C3-AC68-757EBA4BAA80}.Release|Any CPU.ActiveCfg = Release|Any CPU
		{D943FDB5-6D1B-45C3-AC68-757EBA4BAA80}.Release|Any CPU.Build.0 = Release|Any CPU
		{03BAC9CD-B30A-469B-AC7B-DB5A6D85A607}.Debug|Any CPU.ActiveCfg = Debug|Any CPU
		{03BAC9CD-B30A-469B-AC7B-DB5A6D85A607}.Debug|Any CPU.Build.0 = Debug|Any CPU
		{03BAC9CD-B30A-469B-AC7B-DB5A6D85A607}.Release|Any CPU.ActiveCfg = Release|Any CPU
		{03BAC9CD-B30A-469B-AC7B-DB5A6D85A607}.Release|Any CPU.Build.0 = Release|Any CPU
		{36D8747A-F529-4217-ADBD-4B8D8EFD85D6}.Debug|Any CPU.ActiveCfg = Debug|Any CPU
		{36D8747A-F529-4217-ADBD-4B8D8EFD85D6}.Debug|Any CPU.Build.0 = Debug|Any CPU
		{36D8747A-F529-4217-ADBD-4B8D8EFD85D6}.Release|Any CPU.ActiveCfg = Release|Any CPU
		{36D8747A-F529-4217-ADBD-4B8D8EFD85D6}.Release|Any CPU.Build.0 = Release|Any CPU
		{0D666B56-4AC4-452A-9A8B-35D74C905068}.Debug|Any CPU.ActiveCfg = Debug|Any CPU
		{0D666B56-4AC4-452A-9A8B-35D74C905068}.Debug|Any CPU.Build.0 = Debug|Any CPU
		{0D666B56-4AC4-452A-9A8B-35D74C905068}.Debug|Any CPU.Deploy.0 = Debug|Any CPU
		{0D666B56-4AC4-452A-9A8B-35D74C905068}.Release|Any CPU.ActiveCfg = Release|Any CPU
		{0D666B56-4AC4-452A-9A8B-35D74C905068}.Release|Any CPU.Build.0 = Release|Any CPU
		{0D666B56-4AC4-452A-9A8B-35D74C905068}.Release|Any CPU.Deploy.0 = Release|Any CPU
		{97FEC5B4-B30E-4DED-A76F-8466345C2568}.Debug|Any CPU.ActiveCfg = Debug|Any CPU
		{97FEC5B4-B30E-4DED-A76F-8466345C2568}.Debug|Any CPU.Build.0 = Debug|Any CPU
		{97FEC5B4-B30E-4DED-A76F-8466345C2568}.Release|Any CPU.ActiveCfg = Release|Any CPU
		{97FEC5B4-B30E-4DED-A76F-8466345C2568}.Release|Any CPU.Build.0 = Release|Any CPU
		{B3A950A2-51D4-44AD-AD91-67996815888F}.Debug|Any CPU.ActiveCfg = Debug|Any CPU
		{B3A950A2-51D4-44AD-AD91-67996815888F}.Debug|Any CPU.Build.0 = Debug|Any CPU
		{B3A950A2-51D4-44AD-AD91-67996815888F}.Release|Any CPU.ActiveCfg = Release|Any CPU
		{B3A950A2-51D4-44AD-AD91-67996815888F}.Release|Any CPU.Build.0 = Release|Any CPU
		{292838CA-2127-40A5-9737-F9E453EFEC59}.Debug|Any CPU.ActiveCfg = Debug|Any CPU
		{292838CA-2127-40A5-9737-F9E453EFEC59}.Debug|Any CPU.Build.0 = Debug|Any CPU
		{292838CA-2127-40A5-9737-F9E453EFEC59}.Release|Any CPU.ActiveCfg = Release|Any CPU
		{292838CA-2127-40A5-9737-F9E453EFEC59}.Release|Any CPU.Build.0 = Release|Any CPU
	EndGlobalSection
	GlobalSection(SolutionProperties) = preSolution
		HideSolutionNode = FALSE
	EndGlobalSection
	GlobalSection(NestedProjects) = preSolution
		{4FCFE6BE-EA8C-485D-B759-B5E514E06BD0} = {509D19DE-877F-45D0-B2DB-FF19FD713B71}
		{C5C2BCE8-D497-407E-A728-D43E51EBA72C} = {1F29DE26-B867-479C-872C-CCA844E41FE3}
		{1043FA86-3289-4256-A59C-612D220938AE} = {1EF93BD7-6E88-4481-A9C4-D92D29C0A9B3}
		{A3B4810A-F8E2-4708-9545-2EFEB9F9D9E8} = {60A9ADF4-CF2A-4F8C-A6F7-6ECBF2B7EA79}
		{542F64A3-D5E7-443C-8D13-02238C1595EA} = {2A074FFA-F6B3-4712-AFBA-65B0FEC35393}
		{A881DBF7-18E1-426C-A645-1E713384A37F} = {60A9ADF4-CF2A-4F8C-A6F7-6ECBF2B7EA79}
		{D943FDB5-6D1B-45C3-AC68-757EBA4BAA80} = {60A9ADF4-CF2A-4F8C-A6F7-6ECBF2B7EA79}
		{03BAC9CD-B30A-469B-AC7B-DB5A6D85A607} = {509D19DE-877F-45D0-B2DB-FF19FD713B71}
		{36D8747A-F529-4217-ADBD-4B8D8EFD85D6} = {2A074FFA-F6B3-4712-AFBA-65B0FEC35393}
		{0D666B56-4AC4-452A-9A8B-35D74C905068} = {D1E2F958-470F-48B7-B5F7-C5AC0362DAB4}
		{97FEC5B4-B30E-4DED-A76F-8466345C2568} = {1F29DE26-B867-479C-872C-CCA844E41FE3}
		{B3A950A2-51D4-44AD-AD91-67996815888F} = {1F29DE26-B867-479C-872C-CCA844E41FE3}
		{292838CA-2127-40A5-9737-F9E453EFEC59} = {1F29DE26-B867-479C-872C-CCA844E41FE3}
	EndGlobalSection
EndGlobal
