
Microsoft Visual Studio Solution File, Format Version 12.00
# Visual Studio 14
VisualStudioVersion = 14.0.24720.0
MinimumVisualStudioVersion = 10.0.40219.1
Project("{FAE04EC0-301F-11D3-BF4B-00C04F79EFBC}") = "CatchMe.DataAccess", "CatchMe.DataAccess\CatchMe.DataAccess.csproj", "{C2DE84BE-33AE-4786-B9FA-B6744E3A54F4}"
EndProject
Project("{FAE04EC0-301F-11D3-BF4B-00C04F79EFBC}") = "CatchMe.BL", "CatchMe.BL\CatchMe.BL.csproj", "{315FC341-F818-4A46-AD71-BEA4774222B2}"
EndProject
Project("{FAE04EC0-301F-11D3-BF4B-00C04F79EFBC}") = "CatchMe.Common", "CatchMe.Common\CatchMe.Common.csproj", "{542F64A3-D5E7-443C-8D13-02238C1595EA}"
EndProject
Project("{FAE04EC0-301F-11D3-BF4B-00C04F79EFBC}") = "CatchMe.WebUI", "CatchMe.WebUI\CatchMe.WebUI.csproj", "{4FCFE6BE-EA8C-485D-B759-B5E514E06BD0}"
EndProject
Project("{FAE04EC0-301F-11D3-BF4B-00C04F79EFBC}") = "CatchMe.Entities", "CatchMe.Entities\CatchMe.Entities.csproj", "{A3B4810A-F8E2-4708-9545-2EFEB9F9D9E8}"
EndProject
Project("{FAE04EC0-301F-11D3-BF4B-00C04F79EFBC}") = "CatchMe.Repositories", "CatchMe.Repositories\CatchMe.Repositories.csproj", "{C5C2BCE8-D497-407E-A728-D43E51EBA72C}"
EndProject
Global
	GlobalSection(SolutionConfigurationPlatforms) = preSolution
		Debug|Any CPU = Debug|Any CPU
		Release|Any CPU = Release|Any CPU
	EndGlobalSection
	GlobalSection(ProjectConfigurationPlatforms) = postSolution
		{C2DE84BE-33AE-4786-B9FA-B6744E3A54F4}.Debug|Any CPU.ActiveCfg = Debug|Any CPU
		{C2DE84BE-33AE-4786-B9FA-B6744E3A54F4}.Debug|Any CPU.Build.0 = Debug|Any CPU
		{C2DE84BE-33AE-4786-B9FA-B6744E3A54F4}.Release|Any CPU.ActiveCfg = Release|Any CPU
		{C2DE84BE-33AE-4786-B9FA-B6744E3A54F4}.Release|Any CPU.Build.0 = Release|Any CPU
		{315FC341-F818-4A46-AD71-BEA4774222B2}.Debug|Any CPU.ActiveCfg = Debug|Any CPU
		{315FC341-F818-4A46-AD71-BEA4774222B2}.Debug|Any CPU.Build.0 = Debug|Any CPU
		{315FC341-F818-4A46-AD71-BEA4774222B2}.Release|Any CPU.ActiveCfg = Release|Any CPU
		{315FC341-F818-4A46-AD71-BEA4774222B2}.Release|Any CPU.Build.0 = Release|Any CPU
		{542F64A3-D5E7-443C-8D13-02238C1595EA}.Debug|Any CPU.ActiveCfg = Debug|Any CPU
		{542F64A3-D5E7-443C-8D13-02238C1595EA}.Debug|Any CPU.Build.0 = Debug|Any CPU
		{542F64A3-D5E7-443C-8D13-02238C1595EA}.Release|Any CPU.ActiveCfg = Release|Any CPU
		{542F64A3-D5E7-443C-8D13-02238C1595EA}.Release|Any CPU.Build.0 = Release|Any CPU
		{4FCFE6BE-EA8C-485D-B759-B5E514E06BD0}.Debug|Any CPU.ActiveCfg = Debug|Any CPU
		{4FCFE6BE-EA8C-485D-B759-B5E514E06BD0}.Debug|Any CPU.Build.0 = Debug|Any CPU
		{4FCFE6BE-EA8C-485D-B759-B5E514E06BD0}.Release|Any CPU.ActiveCfg = Release|Any CPU
		{4FCFE6BE-EA8C-485D-B759-B5E514E06BD0}.Release|Any CPU.Build.0 = Release|Any CPU
		{A3B4810A-F8E2-4708-9545-2EFEB9F9D9E8}.Debug|Any CPU.ActiveCfg = Debug|Any CPU
		{A3B4810A-F8E2-4708-9545-2EFEB9F9D9E8}.Debug|Any CPU.Build.0 = Debug|Any CPU
		{A3B4810A-F8E2-4708-9545-2EFEB9F9D9E8}.Release|Any CPU.ActiveCfg = Release|Any CPU
		{A3B4810A-F8E2-4708-9545-2EFEB9F9D9E8}.Release|Any CPU.Build.0 = Release|Any CPU
		{C5C2BCE8-D497-407E-A728-D43E51EBA72C}.Debug|Any CPU.ActiveCfg = Debug|Any CPU
		{C5C2BCE8-D497-407E-A728-D43E51EBA72C}.Debug|Any CPU.Build.0 = Debug|Any CPU
		{C5C2BCE8-D497-407E-A728-D43E51EBA72C}.Release|Any CPU.ActiveCfg = Release|Any CPU
		{C5C2BCE8-D497-407E-A728-D43E51EBA72C}.Release|Any CPU.Build.0 = Release|Any CPU
	EndGlobalSection
	GlobalSection(SolutionProperties) = preSolution
		HideSolutionNode = FALSE
	EndGlobalSection
EndGlobal
